
Microsoft Visual Studio Solution File, Format Version 12.00
# Visual Studio Version 16
VisualStudioVersion = 16.0.29924.181
MinimumVisualStudioVersion = 10.0.40219.1
Project("{9A19103F-16F7-4668-BE54-9A1E7A4F7556}") = "KTaseva.Data", "KTaseva.Data\KTaseva.Data.csproj", "{2341ECFD-1E33-4BF9-AD45-D3F978596B69}"
EndProject
Project("{9A19103F-16F7-4668-BE54-9A1E7A4F7556}") = "KTaseva.Models", "KTaseva.Models\KTaseva.Models.csproj", "{D1771334-C253-4DCE-ADAF-BC2DF54E4F81}"
EndProject
Project("{9A19103F-16F7-4668-BE54-9A1E7A4F7556}") = "KTaseva.App", "KTaseva.App\KTaseva.App.csproj", "{4DD52BF5-5AA0-4FFC-9591-1A323CDF15B9}"
EndProject
Project("{9A19103F-16F7-4668-BE54-9A1E7A4F7556}") = "KTaseva.Services", "KTaseva.Services\KTaseva.Services.csproj", "{02391DD1-B1E7-411F-BA34-D23BAE8BBBE3}"
EndProject
Project("{9A19103F-16F7-4668-BE54-9A1E7A4F7556}") = "KTaseva.ViewModels", "KTaseva.ViewModels\KTaseva.ViewModels.csproj", "{338158E5-F15D-40B8-B72A-DE7634BA6545}"
EndProject
Project("{9A19103F-16F7-4668-BE54-9A1E7A4F7556}") = "KTaseva.Services.Mapping", "KTaseva.Services.Mapping\KTaseva.Services.Mapping.csproj", "{3366D288-846D-455E-AC16-561CDD4D1CCE}"
EndProject
Project("{FAE04EC0-301F-11D3-BF4B-00C04F79EFBC}") = "KTaseva.Tests", "KTaseva.Tests\KTaseva.Tests.csproj", "{D68861E5-BCF3-47CF-AC77-00931E365832}"
EndProject
Global
	GlobalSection(SolutionConfigurationPlatforms) = preSolution
		Debug|Any CPU = Debug|Any CPU
		Release|Any CPU = Release|Any CPU
	EndGlobalSection
	GlobalSection(ProjectConfigurationPlatforms) = postSolution
		{2341ECFD-1E33-4BF9-AD45-D3F978596B69}.Debug|Any CPU.ActiveCfg = Debug|Any CPU
		{2341ECFD-1E33-4BF9-AD45-D3F978596B69}.Debug|Any CPU.Build.0 = Debug|Any CPU
		{2341ECFD-1E33-4BF9-AD45-D3F978596B69}.Release|Any CPU.ActiveCfg = Release|Any CPU
		{2341ECFD-1E33-4BF9-AD45-D3F978596B69}.Release|Any CPU.Build.0 = Release|Any CPU
		{D1771334-C253-4DCE-ADAF-BC2DF54E4F81}.Debug|Any CPU.ActiveCfg = Debug|Any CPU
		{D1771334-C253-4DCE-ADAF-BC2DF54E4F81}.Debug|Any CPU.Build.0 = Debug|Any CPU
		{D1771334-C253-4DCE-ADAF-BC2DF54E4F81}.Release|Any CPU.ActiveCfg = Release|Any CPU
		{D1771334-C253-4DCE-ADAF-BC2DF54E4F81}.Release|Any CPU.Build.0 = Release|Any CPU
		{4DD52BF5-5AA0-4FFC-9591-1A323CDF15B9}.Debug|Any CPU.ActiveCfg = Debug|Any CPU
		{4DD52BF5-5AA0-4FFC-9591-1A323CDF15B9}.Debug|Any CPU.Build.0 = Debug|Any CPU
		{4DD52BF5-5AA0-4FFC-9591-1A323CDF15B9}.Release|Any CPU.ActiveCfg = Release|Any CPU
		{4DD52BF5-5AA0-4FFC-9591-1A323CDF15B9}.Release|Any CPU.Build.0 = Release|Any CPU
		{02391DD1-B1E7-411F-BA34-D23BAE8BBBE3}.Debug|Any CPU.ActiveCfg = Debug|Any CPU
		{02391DD1-B1E7-411F-BA34-D23BAE8BBBE3}.Debug|Any CPU.Build.0 = Debug|Any CPU
		{02391DD1-B1E7-411F-BA34-D23BAE8BBBE3}.Release|Any CPU.ActiveCfg = Release|Any CPU
		{02391DD1-B1E7-411F-BA34-D23BAE8BBBE3}.Release|Any CPU.Build.0 = Release|Any CPU
		{338158E5-F15D-40B8-B72A-DE7634BA6545}.Debug|Any CPU.ActiveCfg = Debug|Any CPU
		{338158E5-F15D-40B8-B72A-DE7634BA6545}.Debug|Any CPU.Build.0 = Debug|Any CPU
		{338158E5-F15D-40B8-B72A-DE7634BA6545}.Release|Any CPU.ActiveCfg = Release|Any CPU
		{338158E5-F15D-40B8-B72A-DE7634BA6545}.Release|Any CPU.Build.0 = Release|Any CPU
		{3366D288-846D-455E-AC16-561CDD4D1CCE}.Debug|Any CPU.ActiveCfg = Debug|Any CPU
		{3366D288-846D-455E-AC16-561CDD4D1CCE}.Debug|Any CPU.Build.0 = Debug|Any CPU
		{3366D288-846D-455E-AC16-561CDD4D1CCE}.Release|Any CPU.ActiveCfg = Release|Any CPU
		{3366D288-846D-455E-AC16-561CDD4D1CCE}.Release|Any CPU.Build.0 = Release|Any CPU
		{D68861E5-BCF3-47CF-AC77-00931E365832}.Debug|Any CPU.ActiveCfg = Debug|Any CPU
		{D68861E5-BCF3-47CF-AC77-00931E365832}.Debug|Any CPU.Build.0 = Debug|Any CPU
		{D68861E5-BCF3-47CF-AC77-00931E365832}.Release|Any CPU.ActiveCfg = Release|Any CPU
		{D68861E5-BCF3-47CF-AC77-00931E365832}.Release|Any CPU.Build.0 = Release|Any CPU
	EndGlobalSection
	GlobalSection(SolutionProperties) = preSolution
		HideSolutionNode = FALSE
	EndGlobalSection
	GlobalSection(ExtensibilityGlobals) = postSolution
		SolutionGuid = {D921F1CA-1F8B-4767-9569-C4AA3D3E997A}
	EndGlobalSection
EndGlobal
