
Microsoft Visual Studio Solution File, Format Version 12.00
# Visual Studio Version 16
VisualStudioVersion = 16.0.29924.181
MinimumVisualStudioVersion = 10.0.40219.1
Project("{9A19103F-16F7-4668-BE54-9A1E7A4F7556}") = "KTaseva.App", "KTaseva.App.csproj", "{4688FEA2-4316-4477-AF28-71833926EEAA}"
EndProject
Project("{9A19103F-16F7-4668-BE54-9A1E7A4F7556}") = "KTaseva.Data", "..\KTaseva.Data\KTaseva.Data.csproj", "{2119236E-B4CA-430D-97A7-898B4BBBE4E3}"
EndProject
Project("{9A19103F-16F7-4668-BE54-9A1E7A4F7556}") = "KTaseva.Models", "..\KTaseva.Models\KTaseva.Models.csproj", "{BEA30FDA-00B7-4836-BC7A-7C2FC16B60BC}"
EndProject
Global
	GlobalSection(SolutionConfigurationPlatforms) = preSolution
		Debug|Any CPU = Debug|Any CPU
		Release|Any CPU = Release|Any CPU
	EndGlobalSection
	GlobalSection(ProjectConfigurationPlatforms) = postSolution
		{4688FEA2-4316-4477-AF28-71833926EEAA}.Debug|Any CPU.ActiveCfg = Debug|Any CPU
		{4688FEA2-4316-4477-AF28-71833926EEAA}.Debug|Any CPU.Build.0 = Debug|Any CPU
		{4688FEA2-4316-4477-AF28-71833926EEAA}.Release|Any CPU.ActiveCfg = Release|Any CPU
		{4688FEA2-4316-4477-AF28-71833926EEAA}.Release|Any CPU.Build.0 = Release|Any CPU
		{2119236E-B4CA-430D-97A7-898B4BBBE4E3}.Debug|Any CPU.ActiveCfg = Debug|Any CPU
		{2119236E-B4CA-430D-97A7-898B4BBBE4E3}.Debug|Any CPU.Build.0 = Debug|Any CPU
		{2119236E-B4CA-430D-97A7-898B4BBBE4E3}.Release|Any CPU.ActiveCfg = Release|Any CPU
		{2119236E-B4CA-430D-97A7-898B4BBBE4E3}.Release|Any CPU.Build.0 = Release|Any CPU
		{BEA30FDA-00B7-4836-BC7A-7C2FC16B60BC}.Debug|Any CPU.ActiveCfg = Debug|Any CPU
		{BEA30FDA-00B7-4836-BC7A-7C2FC16B60BC}.Debug|Any CPU.Build.0 = Debug|Any CPU
		{BEA30FDA-00B7-4836-BC7A-7C2FC16B60BC}.Release|Any CPU.ActiveCfg = Release|Any CPU
		{BEA30FDA-00B7-4836-BC7A-7C2FC16B60BC}.Release|Any CPU.Build.0 = Release|Any CPU
	EndGlobalSection
	GlobalSection(SolutionProperties) = preSolution
		HideSolutionNode = FALSE
	EndGlobalSection
	GlobalSection(ExtensibilityGlobals) = postSolution
		SolutionGuid = {7D9E6231-9B93-446B-8E5D-530E3B981748}
	EndGlobalSection
EndGlobal
